// !$*UTF8*$!
{
	archiveVersion = 1;
	classes = {
	};
	objectVersion = 55;
	objects = {

/* Begin PBXBuildFile section */
		3D12EBCE28964980007F1BFD /* GameMode.swift in Sources */ = {isa = PBXBuildFile; fileRef = 3D12EBCD28964980007F1BFD /* GameMode.swift */; };
		3D12EBD32896515F007F1BFD /* HStackModes.swift in Sources */ = {isa = PBXBuildFile; fileRef = 3D12EBD22896515F007F1BFD /* HStackModes.swift */; };
		3D12EBD528967939007F1BFD /* ModeDetail.swift in Sources */ = {isa = PBXBuildFile; fileRef = 3D12EBD428967939007F1BFD /* ModeDetail.swift */; };
		3D12EBD72897C786007F1BFD /* MapBanner.swift in Sources */ = {isa = PBXBuildFile; fileRef = 3D12EBD62897C786007F1BFD /* MapBanner.swift */; };
		3D12EBD92897CC52007F1BFD /* HStackGroups.swift in Sources */ = {isa = PBXBuildFile; fileRef = 3D12EBD82897CC52007F1BFD /* HStackGroups.swift */; };
		3D4922242892DAD700C5E6A2 /* HeaderDetail.swift in Sources */ = {isa = PBXBuildFile; fileRef = 3D4922232892DAD700C5E6A2 /* HeaderDetail.swift */; };
		3D49B9CF289382FF007F6805 /* maintheme.mp3 in Resources */ = {isa = PBXBuildFile; fileRef = 3D49B9CE289382FF007F6805 /* maintheme.mp3 */; };
		3D49B9D22893834C007F6805 /* PlaySound.swift in Sources */ = {isa = PBXBuildFile; fileRef = 3D49B9D12893834C007F6805 /* PlaySound.swift */; };
		3D75D8A0288FFFC3000EF0A7 /* ImageZoomView.swift in Sources */ = {isa = PBXBuildFile; fileRef = 3D75D89F288FFFC3000EF0A7 /* ImageZoomView.swift */; };
		3D81C7B62886C8BE00A23B71 /* MapView.swift in Sources */ = {isa = PBXBuildFile; fileRef = 3D81C7B52886C8BE00A23B71 /* MapView.swift */; };
		3D937691289905C900AC0C66 /* CSGOTabView.swift in Sources */ = {isa = PBXBuildFile; fileRef = 3D937690289905C900AC0C66 /* CSGOTabView.swift */; };
		3D9376932899065800AC0C66 /* CSGOBrowseView.swift in Sources */ = {isa = PBXBuildFile; fileRef = 3D9376922899065800AC0C66 /* CSGOBrowseView.swift */; };
		3D9376952899075A00AC0C66 /* VStackMap.swift in Sources */ = {isa = PBXBuildFile; fileRef = 3D9376942899075A00AC0C66 /* VStackMap.swift */; };
		3D9376A028991E7000AC0C66 /* mapmusic6.mp3 in Resources */ = {isa = PBXBuildFile; fileRef = 3D93769628991E7000AC0C66 /* mapmusic6.mp3 */; };
		3D9376A128991E7000AC0C66 /* mapmusic5.mp3 in Resources */ = {isa = PBXBuildFile; fileRef = 3D93769728991E7000AC0C66 /* mapmusic5.mp3 */; };
		3D9376A328991E7000AC0C66 /* mapmusic7.mp3 in Resources */ = {isa = PBXBuildFile; fileRef = 3D93769928991E7000AC0C66 /* mapmusic7.mp3 */; };
		3D9376A428991E7000AC0C66 /* mapmusic3.mp3 in Resources */ = {isa = PBXBuildFile; fileRef = 3D93769A28991E7000AC0C66 /* mapmusic3.mp3 */; };
		3D9376A528991E7000AC0C66 /* mapmusic8.mp3 in Resources */ = {isa = PBXBuildFile; fileRef = 3D93769B28991E7000AC0C66 /* mapmusic8.mp3 */; };
		3D9376A628991E7000AC0C66 /* mapmusic10.mp3 in Resources */ = {isa = PBXBuildFile; fileRef = 3D93769C28991E7000AC0C66 /* mapmusic10.mp3 */; };
		3D9376A728991E7000AC0C66 /* mapmusic4.mp3 in Resources */ = {isa = PBXBuildFile; fileRef = 3D93769D28991E7000AC0C66 /* mapmusic4.mp3 */; };
		3D9376A828991E7000AC0C66 /* mapmusic2.mp3 in Resources */ = {isa = PBXBuildFile; fileRef = 3D93769E28991E7000AC0C66 /* mapmusic2.mp3 */; };
		3D9376A928991E7000AC0C66 /* mapmusic9.mp3 in Resources */ = {isa = PBXBuildFile; fileRef = 3D93769F28991E7000AC0C66 /* mapmusic9.mp3 */; };
		3D9376AE289927ED00AC0C66 /* welcomemusic.mp3 in Resources */ = {isa = PBXBuildFile; fileRef = 3D9376AD289927ED00AC0C66 /* welcomemusic.mp3 */; };
		3DB7FF0628939F6700E67352 /* mapmusic1.mp3 in Resources */ = {isa = PBXBuildFile; fileRef = 3DB7FF0528939F6700E67352 /* mapmusic1.mp3 */; };
		3DB7FF0A2893C5DD00E67352 /* WelcomeView.swift in Sources */ = {isa = PBXBuildFile; fileRef = 3DB7FF092893C5DD00E67352 /* WelcomeView.swift */; };
		3DB7FF0C2893C60D00E67352 /* GreetingView.swift in Sources */ = {isa = PBXBuildFile; fileRef = 3DB7FF0B2893C60D00E67352 /* GreetingView.swift */; };
		3DB7FF102893CFB100E67352 /* mode.json in Resources */ = {isa = PBXBuildFile; fileRef = 3DB7FF0F2893CFB100E67352 /* mode.json */; };
		3DB96D4E288849F1009B8B6A /* Assets.xcassets in Resources */ = {isa = PBXBuildFile; fileRef = 3DB96D4D288849F1009B8B6A /* Assets.xcassets */; };
		3DC240DD287D78BB000BB557 /* assignment_1App.swift in Sources */ = {isa = PBXBuildFile; fileRef = 3DC240DC287D78BB000BB557 /* assignment_1App.swift */; };
		3DC240E4287D78BF000BB557 /* Preview Assets.xcassets in Resources */ = {isa = PBXBuildFile; fileRef = 3DC240E3287D78BF000BB557 /* Preview Assets.xcassets */; };
		3DC2410B287D7C6C000BB557 /* FeaturedView.swift in Sources */ = {isa = PBXBuildFile; fileRef = 3DC2410A287D7C6C000BB557 /* FeaturedView.swift */; };
		3DC2410D287D8044000BB557 /* GameMap.swift in Sources */ = {isa = PBXBuildFile; fileRef = 3DC2410C287D8044000BB557 /* GameMap.swift */; };
		3DC24110287D80DB000BB557 /* DataServices.swift in Sources */ = {isa = PBXBuildFile; fileRef = 3DC2410F287D80DB000BB557 /* DataServices.swift */; };
		3DC24113287D8114000BB557 /* map.json in Resources */ = {isa = PBXBuildFile; fileRef = 3DC24112287D8114000BB557 /* map.json */; };
		3DC24115287D813A000BB557 /* MapModel.swift in Sources */ = {isa = PBXBuildFile; fileRef = 3DC24114287D813A000BB557 /* MapModel.swift */; };
		3DC24117287D825B000BB557 /* MapDetailView.swift in Sources */ = {isa = PBXBuildFile; fileRef = 3DC24116287D825B000BB557 /* MapDetailView.swift */; };
		3DCF2CAE2898F70800CEB387 /* GifImage.swift in Sources */ = {isa = PBXBuildFile; fileRef = 3DCF2CAD2898F70800CEB387 /* GifImage.swift */; };
		3DCF2CB22898F92E00CEB387 /* csgo-dance.gif in Resources */ = {isa = PBXBuildFile; fileRef = 3DCF2CB12898F92E00CEB387 /* csgo-dance.gif */; };
		3DCF2CB42898FAAB00CEB387 /* letsroll.mp3 in Resources */ = {isa = PBXBuildFile; fileRef = 3DCF2CB32898FAAB00CEB387 /* letsroll.mp3 */; };
		3DFC80962892C53C00AC0144 /* RectangleImage.swift in Sources */ = {isa = PBXBuildFile; fileRef = 3DFC80952892C53C00AC0144 /* RectangleImage.swift */; };
		3DFC80982892CACC00AC0144 /* CalloutMapView.swift in Sources */ = {isa = PBXBuildFile; fileRef = 3DFC80972892CACC00AC0144 /* CalloutMapView.swift */; };
		3DFC809A2892CCA700AC0144 /* InfoBarView.swift in Sources */ = {isa = PBXBuildFile; fileRef = 3DFC80992892CCA700AC0144 /* InfoBarView.swift */; };
/* End PBXBuildFile section */

/* Begin PBXContainerItemProxy section */
		3DC240EA287D78C0000BB557 /* PBXContainerItemProxy */ = {
			isa = PBXContainerItemProxy;
			containerPortal = 3DC240D1287D78BB000BB557 /* Project object */;
			proxyType = 1;
			remoteGlobalIDString = 3DC240D8287D78BB000BB557;
			remoteInfo = "assignment 1";
		};
		3DC240F4287D78C0000BB557 /* PBXContainerItemProxy */ = {
			isa = PBXContainerItemProxy;
			containerPortal = 3DC240D1287D78BB000BB557 /* Project object */;
			proxyType = 1;
			remoteGlobalIDString = 3DC240D8287D78BB000BB557;
			remoteInfo = "assignment 1";
		};
/* End PBXContainerItemProxy section */

/* Begin PBXFileReference section */
		3D12EBCD28964980007F1BFD /* GameMode.swift */ = {isa = PBXFileReference; lastKnownFileType = sourcecode.swift; path = GameMode.swift; sourceTree = "<group>"; };
		3D12EBD22896515F007F1BFD /* HStackModes.swift */ = {isa = PBXFileReference; lastKnownFileType = sourcecode.swift; path = HStackModes.swift; sourceTree = "<group>"; };
		3D12EBD428967939007F1BFD /* ModeDetail.swift */ = {isa = PBXFileReference; lastKnownFileType = sourcecode.swift; path = ModeDetail.swift; sourceTree = "<group>"; };
		3D12EBD62897C786007F1BFD /* MapBanner.swift */ = {isa = PBXFileReference; lastKnownFileType = sourcecode.swift; path = MapBanner.swift; sourceTree = "<group>"; };
		3D12EBD82897CC52007F1BFD /* HStackGroups.swift */ = {isa = PBXFileReference; lastKnownFileType = sourcecode.swift; path = HStackGroups.swift; sourceTree = "<group>"; };
		3D4922232892DAD700C5E6A2 /* HeaderDetail.swift */ = {isa = PBXFileReference; lastKnownFileType = sourcecode.swift; path = HeaderDetail.swift; sourceTree = "<group>"; };
		3D4922252892E78C00C5E6A2 /* CSGO-Maps-Info.plist */ = {isa = PBXFileReference; lastKnownFileType = text.plist; path = "CSGO-Maps-Info.plist"; sourceTree = "<group>"; };
		3D49B9CE289382FF007F6805 /* maintheme.mp3 */ = {isa = PBXFileReference; lastKnownFileType = audio.mp3; path = maintheme.mp3; sourceTree = "<group>"; };
		3D49B9D12893834C007F6805 /* PlaySound.swift */ = {isa = PBXFileReference; lastKnownFileType = sourcecode.swift; path = PlaySound.swift; sourceTree = "<group>"; };
		3D75D89F288FFFC3000EF0A7 /* ImageZoomView.swift */ = {isa = PBXFileReference; lastKnownFileType = sourcecode.swift; path = ImageZoomView.swift; sourceTree = "<group>"; };
		3D81C7B52886C8BE00A23B71 /* MapView.swift */ = {isa = PBXFileReference; lastKnownFileType = sourcecode.swift; path = MapView.swift; sourceTree = "<group>"; };
		3D937690289905C900AC0C66 /* CSGOTabView.swift */ = {isa = PBXFileReference; lastKnownFileType = sourcecode.swift; path = CSGOTabView.swift; sourceTree = "<group>"; };
		3D9376922899065800AC0C66 /* CSGOBrowseView.swift */ = {isa = PBXFileReference; lastKnownFileType = sourcecode.swift; path = CSGOBrowseView.swift; sourceTree = "<group>"; };
		3D9376942899075A00AC0C66 /* VStackMap.swift */ = {isa = PBXFileReference; lastKnownFileType = sourcecode.swift; path = VStackMap.swift; sourceTree = "<group>"; };
		3D93769628991E7000AC0C66 /* mapmusic6.mp3 */ = {isa = PBXFileReference; lastKnownFileType = audio.mp3; path = mapmusic6.mp3; sourceTree = "<group>"; };
		3D93769728991E7000AC0C66 /* mapmusic5.mp3 */ = {isa = PBXFileReference; lastKnownFileType = audio.mp3; path = mapmusic5.mp3; sourceTree = "<group>"; };
		3D93769928991E7000AC0C66 /* mapmusic7.mp3 */ = {isa = PBXFileReference; lastKnownFileType = audio.mp3; path = mapmusic7.mp3; sourceTree = "<group>"; };
		3D93769A28991E7000AC0C66 /* mapmusic3.mp3 */ = {isa = PBXFileReference; lastKnownFileType = audio.mp3; path = mapmusic3.mp3; sourceTree = "<group>"; };
		3D93769B28991E7000AC0C66 /* mapmusic8.mp3 */ = {isa = PBXFileReference; lastKnownFileType = audio.mp3; path = mapmusic8.mp3; sourceTree = "<group>"; };
		3D93769C28991E7000AC0C66 /* mapmusic10.mp3 */ = {isa = PBXFileReference; lastKnownFileType = audio.mp3; path = mapmusic10.mp3; sourceTree = "<group>"; };
		3D93769D28991E7000AC0C66 /* mapmusic4.mp3 */ = {isa = PBXFileReference; lastKnownFileType = audio.mp3; path = mapmusic4.mp3; sourceTree = "<group>"; };
		3D93769E28991E7000AC0C66 /* mapmusic2.mp3 */ = {isa = PBXFileReference; lastKnownFileType = audio.mp3; path = mapmusic2.mp3; sourceTree = "<group>"; };
		3D93769F28991E7000AC0C66 /* mapmusic9.mp3 */ = {isa = PBXFileReference; lastKnownFileType = audio.mp3; path = mapmusic9.mp3; sourceTree = "<group>"; };
		3D9376AD289927ED00AC0C66 /* welcomemusic.mp3 */ = {isa = PBXFileReference; lastKnownFileType = audio.mp3; path = welcomemusic.mp3; sourceTree = "<group>"; };
		3DB7FF0528939F6700E67352 /* mapmusic1.mp3 */ = {isa = PBXFileReference; lastKnownFileType = audio.mp3; path = mapmusic1.mp3; sourceTree = "<group>"; };
		3DB7FF092893C5DD00E67352 /* WelcomeView.swift */ = {isa = PBXFileReference; lastKnownFileType = sourcecode.swift; path = WelcomeView.swift; sourceTree = "<group>"; };
		3DB7FF0B2893C60D00E67352 /* GreetingView.swift */ = {isa = PBXFileReference; lastKnownFileType = sourcecode.swift; path = GreetingView.swift; sourceTree = "<group>"; };
		3DB7FF0F2893CFB100E67352 /* mode.json */ = {isa = PBXFileReference; lastKnownFileType = text.json; path = mode.json; sourceTree = "<group>"; };
		3DB96D4D288849F1009B8B6A /* Assets.xcassets */ = {isa = PBXFileReference; lastKnownFileType = folder.assetcatalog; name = Assets.xcassets; path = "assignment 1/Assets.xcassets"; sourceTree = SOURCE_ROOT; };
		3DC240D9287D78BB000BB557 /* CSGO Maps.app */ = {isa = PBXFileReference; explicitFileType = wrapper.application; includeInIndex = 0; path = "CSGO Maps.app"; sourceTree = BUILT_PRODUCTS_DIR; };
		3DC240DC287D78BB000BB557 /* assignment_1App.swift */ = {isa = PBXFileReference; lastKnownFileType = sourcecode.swift; path = assignment_1App.swift; sourceTree = "<group>"; };
		3DC240E3287D78BF000BB557 /* Preview Assets.xcassets */ = {isa = PBXFileReference; lastKnownFileType = folder.assetcatalog; path = "Preview Assets.xcassets"; sourceTree = "<group>"; };
		3DC240E9287D78C0000BB557 /* CSGO MapsTests.xctest */ = {isa = PBXFileReference; explicitFileType = wrapper.cfbundle; includeInIndex = 0; path = "CSGO MapsTests.xctest"; sourceTree = BUILT_PRODUCTS_DIR; };
		3DC240F3287D78C0000BB557 /* CSGO MapsUITests.xctest */ = {isa = PBXFileReference; explicitFileType = wrapper.cfbundle; includeInIndex = 0; path = "CSGO MapsUITests.xctest"; sourceTree = BUILT_PRODUCTS_DIR; };
		3DC2410A287D7C6C000BB557 /* FeaturedView.swift */ = {isa = PBXFileReference; lastKnownFileType = sourcecode.swift; path = FeaturedView.swift; sourceTree = "<group>"; };
		3DC2410C287D8044000BB557 /* GameMap.swift */ = {isa = PBXFileReference; lastKnownFileType = sourcecode.swift; path = GameMap.swift; sourceTree = "<group>"; };
		3DC2410F287D80DB000BB557 /* DataServices.swift */ = {isa = PBXFileReference; lastKnownFileType = sourcecode.swift; path = DataServices.swift; sourceTree = "<group>"; };
		3DC24112287D8114000BB557 /* map.json */ = {isa = PBXFileReference; lastKnownFileType = text.json; path = map.json; sourceTree = "<group>"; };
		3DC24114287D813A000BB557 /* MapModel.swift */ = {isa = PBXFileReference; lastKnownFileType = sourcecode.swift; path = MapModel.swift; sourceTree = "<group>"; };
		3DC24116287D825B000BB557 /* MapDetailView.swift */ = {isa = PBXFileReference; lastKnownFileType = sourcecode.swift; path = MapDetailView.swift; sourceTree = "<group>"; };
		3DCF2CAD2898F70800CEB387 /* GifImage.swift */ = {isa = PBXFileReference; lastKnownFileType = sourcecode.swift; path = GifImage.swift; sourceTree = "<group>"; };
		3DCF2CB12898F92E00CEB387 /* csgo-dance.gif */ = {isa = PBXFileReference; lastKnownFileType = image.gif; path = "csgo-dance.gif"; sourceTree = "<group>"; };
		3DCF2CB32898FAAB00CEB387 /* letsroll.mp3 */ = {isa = PBXFileReference; lastKnownFileType = audio.mp3; path = letsroll.mp3; sourceTree = "<group>"; };
		3DFC80952892C53C00AC0144 /* RectangleImage.swift */ = {isa = PBXFileReference; lastKnownFileType = sourcecode.swift; path = RectangleImage.swift; sourceTree = "<group>"; };
		3DFC80972892CACC00AC0144 /* CalloutMapView.swift */ = {isa = PBXFileReference; lastKnownFileType = sourcecode.swift; path = CalloutMapView.swift; sourceTree = "<group>"; };
		3DFC80992892CCA700AC0144 /* InfoBarView.swift */ = {isa = PBXFileReference; lastKnownFileType = sourcecode.swift; path = InfoBarView.swift; sourceTree = "<group>"; };
/* End PBXFileReference section */

/* Begin PBXFrameworksBuildPhase section */
		3DC240D6287D78BB000BB557 /* Frameworks */ = {
			isa = PBXFrameworksBuildPhase;
			buildActionMask = 2147483647;
			files = (
			);
			runOnlyForDeploymentPostprocessing = 0;
		};
		3DC240E6287D78C0000BB557 /* Frameworks */ = {
			isa = PBXFrameworksBuildPhase;
			buildActionMask = 2147483647;
			files = (
			);
			runOnlyForDeploymentPostprocessing = 0;
		};
		3DC240F0287D78C0000BB557 /* Frameworks */ = {
			isa = PBXFrameworksBuildPhase;
			buildActionMask = 2147483647;
			files = (
			);
			runOnlyForDeploymentPostprocessing = 0;
		};
/* End PBXFrameworksBuildPhase section */

/* Begin PBXGroup section */
		3D12EBCF28964F70007F1BFD /* Blocks */ = {
			isa = PBXGroup;
			children = (
				3DC24116287D825B000BB557 /* MapDetailView.swift */,
				3D12EBD428967939007F1BFD /* ModeDetail.swift */,
				3D12EBD62897C786007F1BFD /* MapBanner.swift */,
			);
			path = Blocks;
			sourceTree = "<group>";
		};
		3D12EBDA2897CD07007F1BFD /* Layout */ = {
			isa = PBXGroup;
			children = (
				3D12EBD22896515F007F1BFD /* HStackModes.swift */,
				3D12EBD82897CC52007F1BFD /* HStackGroups.swift */,
				3D9376942899075A00AC0C66 /* VStackMap.swift */,
			);
			path = Layout;
			sourceTree = "<group>";
		};
		3D4922202892D9F700C5E6A2 /* DetailComponents */ = {
			isa = PBXGroup;
			children = (
				3DFC80972892CACC00AC0144 /* CalloutMapView.swift */,
				3DFC80992892CCA700AC0144 /* InfoBarView.swift */,
				3D4922232892DAD700C5E6A2 /* HeaderDetail.swift */,
			);
			path = DetailComponents;
			sourceTree = "<group>";
		};
		3D4922212892DA2800C5E6A2 /* Utils */ = {
			isa = PBXGroup;
			children = (
				3D75D89F288FFFC3000EF0A7 /* ImageZoomView.swift */,
				3DFC80952892C53C00AC0144 /* RectangleImage.swift */,
				3D81C7B52886C8BE00A23B71 /* MapView.swift */,
				3DCF2CAD2898F70800CEB387 /* GifImage.swift */,
			);
			path = Utils;
			sourceTree = "<group>";
		};
		3D4922262893776400C5E6A2 /* Sounds */ = {
			isa = PBXGroup;
			children = (
				3DCF2CB32898FAAB00CEB387 /* letsroll.mp3 */,
				3DB7FF0528939F6700E67352 /* mapmusic1.mp3 */,
				3D93769E28991E7000AC0C66 /* mapmusic2.mp3 */,
				3D9376AD289927ED00AC0C66 /* welcomemusic.mp3 */,
				3D93769A28991E7000AC0C66 /* mapmusic3.mp3 */,
				3D93769D28991E7000AC0C66 /* mapmusic4.mp3 */,
				3D93769728991E7000AC0C66 /* mapmusic5.mp3 */,
				3D93769628991E7000AC0C66 /* mapmusic6.mp3 */,
				3D93769928991E7000AC0C66 /* mapmusic7.mp3 */,
				3D93769B28991E7000AC0C66 /* mapmusic8.mp3 */,
				3D93769F28991E7000AC0C66 /* mapmusic9.mp3 */,
				3D93769C28991E7000AC0C66 /* mapmusic10.mp3 */,
				3D49B9CE289382FF007F6805 /* maintheme.mp3 */,
			);
			path = Sounds;
			sourceTree = "<group>";
		};
		3D9376AA289923FA00AC0C66 /* Helper */ = {
			isa = PBXGroup;
			children = (
				3D49B9D12893834C007F6805 /* PlaySound.swift */,
			);
			path = Helper;
			sourceTree = "<group>";
		};
		3DC240D0287D78BB000BB557 = {
			isa = PBXGroup;
			children = (
				3D4922252892E78C00C5E6A2 /* CSGO-Maps-Info.plist */,
				3DC240DB287D78BB000BB557 /* assignment 1 */,
				3DC240DA287D78BB000BB557 /* Products */,
			);
			sourceTree = "<group>";
		};
		3DC240DA287D78BB000BB557 /* Products */ = {
			isa = PBXGroup;
			children = (
				3DC240D9287D78BB000BB557 /* CSGO Maps.app */,
				3DC240E9287D78C0000BB557 /* CSGO MapsTests.xctest */,
				3DC240F3287D78C0000BB557 /* CSGO MapsUITests.xctest */,
			);
			name = Products;
			sourceTree = "<group>";
		};
		3DC240DB287D78BB000BB557 /* assignment 1 */ = {
			isa = PBXGroup;
			children = (
				3D9376AA289923FA00AC0C66 /* Helper */,
				3D4922262893776400C5E6A2 /* Sounds */,
				3DB96D4D288849F1009B8B6A /* Assets.xcassets */,
				3DC24111287D80FA000BB557 /* Data */,
				3DC2410E287D8059000BB557 /* Services */,
				3DC24109287D7C39000BB557 /* Models */,
				3DC24108287D7C30000BB557 /* Views */,
				3DC24106287D7BC6000BB557 /* ModelViews */,
				3DC240DC287D78BB000BB557 /* assignment_1App.swift */,
				3DCF2CB12898F92E00CEB387 /* csgo-dance.gif */,
				3DC240E2287D78BF000BB557 /* Preview Content */,
			);
			path = "assignment 1";
			sourceTree = "<group>";
		};
		3DC240E2287D78BF000BB557 /* Preview Content */ = {
			isa = PBXGroup;
			children = (
				3DC240E3287D78BF000BB557 /* Preview Assets.xcassets */,
			);
			path = "Preview Content";
			sourceTree = "<group>";
		};
		3DC24106287D7BC6000BB557 /* ModelViews */ = {
			isa = PBXGroup;
			children = (
				3DC24114287D813A000BB557 /* MapModel.swift */,
			);
			path = ModelViews;
			sourceTree = "<group>";
		};
		3DC24108287D7C30000BB557 /* Views */ = {
			isa = PBXGroup;
			children = (
				3D12EBDA2897CD07007F1BFD /* Layout */,
				3D12EBCF28964F70007F1BFD /* Blocks */,
				3D4922212892DA2800C5E6A2 /* Utils */,
				3D4922202892D9F700C5E6A2 /* DetailComponents */,
				3DC2410A287D7C6C000BB557 /* FeaturedView.swift */,
				3DB7FF092893C5DD00E67352 /* WelcomeView.swift */,
				3D9376922899065800AC0C66 /* CSGOBrowseView.swift */,
				3D937690289905C900AC0C66 /* CSGOTabView.swift */,
				3DB7FF0B2893C60D00E67352 /* GreetingView.swift */,
			);
			path = Views;
			sourceTree = "<group>";
		};
		3DC24109287D7C39000BB557 /* Models */ = {
			isa = PBXGroup;
			children = (
				3DC2410C287D8044000BB557 /* GameMap.swift */,
				3D12EBCD28964980007F1BFD /* GameMode.swift */,
			);
			path = Models;
			sourceTree = "<group>";
		};
		3DC2410E287D8059000BB557 /* Services */ = {
			isa = PBXGroup;
			children = (
				3DC2410F287D80DB000BB557 /* DataServices.swift */,
			);
			path = Services;
			sourceTree = "<group>";
		};
		3DC24111287D80FA000BB557 /* Data */ = {
			isa = PBXGroup;
			children = (
				3DC24112287D8114000BB557 /* map.json */,
				3DB7FF0F2893CFB100E67352 /* mode.json */,
			);
			path = Data;
			sourceTree = "<group>";
		};
/* End PBXGroup section */

/* Begin PBXNativeTarget section */
		3DC240D8287D78BB000BB557 /* CSGO Maps */ = {
			isa = PBXNativeTarget;
			buildConfigurationList = 3DC240FD287D78C0000BB557 /* Build configuration list for PBXNativeTarget "CSGO Maps" */;
			buildPhases = (
				3DC240D5287D78BB000BB557 /* Sources */,
				3DC240D6287D78BB000BB557 /* Frameworks */,
				3DC240D7287D78BB000BB557 /* Resources */,
			);
			buildRules = (
			);
			dependencies = (
			);
			name = "CSGO Maps";
			productName = "assignment 1";
			productReference = 3DC240D9287D78BB000BB557 /* CSGO Maps.app */;
			productType = "com.apple.product-type.application";
		};
		3DC240E8287D78C0000BB557 /* CSGO MapsTests */ = {
			isa = PBXNativeTarget;
			buildConfigurationList = 3DC24100287D78C0000BB557 /* Build configuration list for PBXNativeTarget "CSGO MapsTests" */;
			buildPhases = (
				3DC240E5287D78C0000BB557 /* Sources */,
				3DC240E6287D78C0000BB557 /* Frameworks */,
				3DC240E7287D78C0000BB557 /* Resources */,
			);
			buildRules = (
			);
			dependencies = (
				3DC240EB287D78C0000BB557 /* PBXTargetDependency */,
			);
			name = "CSGO MapsTests";
			productName = "assignment 1Tests";
			productReference = 3DC240E9287D78C0000BB557 /* CSGO MapsTests.xctest */;
			productType = "com.apple.product-type.bundle.unit-test";
		};
		3DC240F2287D78C0000BB557 /* CSGO MapsUITests */ = {
			isa = PBXNativeTarget;
			buildConfigurationList = 3DC24103287D78C0000BB557 /* Build configuration list for PBXNativeTarget "CSGO MapsUITests" */;
			buildPhases = (
				3DC240EF287D78C0000BB557 /* Sources */,
				3DC240F0287D78C0000BB557 /* Frameworks */,
				3DC240F1287D78C0000BB557 /* Resources */,
			);
			buildRules = (
			);
			dependencies = (
				3DC240F5287D78C0000BB557 /* PBXTargetDependency */,
			);
			name = "CSGO MapsUITests";
			productName = "assignment 1UITests";
			productReference = 3DC240F3287D78C0000BB557 /* CSGO MapsUITests.xctest */;
			productType = "com.apple.product-type.bundle.ui-testing";
		};
/* End PBXNativeTarget section */

/* Begin PBXProject section */
		3DC240D1287D78BB000BB557 /* Project object */ = {
			isa = PBXProject;
			attributes = {
				BuildIndependentTargetsInParallel = 1;
				LastSwiftUpdateCheck = 1340;
				LastUpgradeCheck = 1340;
				TargetAttributes = {
					3DC240D8287D78BB000BB557 = {
						CreatedOnToolsVersion = 13.4.1;
					};
					3DC240E8287D78C0000BB557 = {
						CreatedOnToolsVersion = 13.4.1;
						TestTargetID = 3DC240D8287D78BB000BB557;
					};
					3DC240F2287D78C0000BB557 = {
						CreatedOnToolsVersion = 13.4.1;
						TestTargetID = 3DC240D8287D78BB000BB557;
					};
				};
			};
			buildConfigurationList = 3DC240D4287D78BB000BB557 /* Build configuration list for PBXProject "CSGO Maps" */;
			compatibilityVersion = "Xcode 13.0";
			developmentRegion = en;
			hasScannedForEncodings = 0;
			knownRegions = (
				en,
				Base,
			);
			mainGroup = 3DC240D0287D78BB000BB557;
			productRefGroup = 3DC240DA287D78BB000BB557 /* Products */;
			projectDirPath = "";
			projectRoot = "";
			targets = (
				3DC240D8287D78BB000BB557 /* CSGO Maps */,
				3DC240E8287D78C0000BB557 /* CSGO MapsTests */,
				3DC240F2287D78C0000BB557 /* CSGO MapsUITests */,
			);
		};
/* End PBXProject section */

/* Begin PBXResourcesBuildPhase section */
		3DC240D7287D78BB000BB557 /* Resources */ = {
			isa = PBXResourcesBuildPhase;
			buildActionMask = 2147483647;
			files = (
				3DB7FF0628939F6700E67352 /* mapmusic1.mp3 in Resources */,
				3D9376A028991E7000AC0C66 /* mapmusic6.mp3 in Resources */,
				3DCF2CB42898FAAB00CEB387 /* letsroll.mp3 in Resources */,
				3DC240E4287D78BF000BB557 /* Preview Assets.xcassets in Resources */,
				3DB96D4E288849F1009B8B6A /* Assets.xcassets in Resources */,
				3DC24113287D8114000BB557 /* map.json in Resources */,
				3D9376A128991E7000AC0C66 /* mapmusic5.mp3 in Resources */,
				3D9376A828991E7000AC0C66 /* mapmusic2.mp3 in Resources */,
				3D9376A928991E7000AC0C66 /* mapmusic9.mp3 in Resources */,
				3D9376A528991E7000AC0C66 /* mapmusic8.mp3 in Resources */,
				3D49B9CF289382FF007F6805 /* maintheme.mp3 in Resources */,
				3DCF2CB22898F92E00CEB387 /* csgo-dance.gif in Resources */,
				3D9376A328991E7000AC0C66 /* mapmusic7.mp3 in Resources */,
				3D9376A628991E7000AC0C66 /* mapmusic10.mp3 in Resources */,
				3DB7FF102893CFB100E67352 /* mode.json in Resources */,
				3D9376A728991E7000AC0C66 /* mapmusic4.mp3 in Resources */,
				3D9376AE289927ED00AC0C66 /* welcomemusic.mp3 in Resources */,
				3D9376A428991E7000AC0C66 /* mapmusic3.mp3 in Resources */,
			);
			runOnlyForDeploymentPostprocessing = 0;
		};
		3DC240E7287D78C0000BB557 /* Resources */ = {
			isa = PBXResourcesBuildPhase;
			buildActionMask = 2147483647;
			files = (
			);
			runOnlyForDeploymentPostprocessing = 0;
		};
		3DC240F1287D78C0000BB557 /* Resources */ = {
			isa = PBXResourcesBuildPhase;
			buildActionMask = 2147483647;
			files = (
			);
			runOnlyForDeploymentPostprocessing = 0;
		};
/* End PBXResourcesBuildPhase section */

/* Begin PBXSourcesBuildPhase section */
		3DC240D5287D78BB000BB557 /* Sources */ = {
			isa = PBXSourcesBuildPhase;
			buildActionMask = 2147483647;
			files = (
				3D9376932899065800AC0C66 /* CSGOBrowseView.swift in Sources */,
				3D81C7B62886C8BE00A23B71 /* MapView.swift in Sources */,
				3DFC80962892C53C00AC0144 /* RectangleImage.swift in Sources */,
				3D75D8A0288FFFC3000EF0A7 /* ImageZoomView.swift in Sources */,
				3DC24115287D813A000BB557 /* MapModel.swift in Sources */,
				3DC2410B287D7C6C000BB557 /* FeaturedView.swift in Sources */,
				3DC2410D287D8044000BB557 /* GameMap.swift in Sources */,
				3DFC80982892CACC00AC0144 /* CalloutMapView.swift in Sources */,
				3DC240DD287D78BB000BB557 /* assignment_1App.swift in Sources */,
				3D12EBCE28964980007F1BFD /* GameMode.swift in Sources */,
				3D12EBD72897C786007F1BFD /* MapBanner.swift in Sources */,
				3D12EBD92897CC52007F1BFD /* HStackGroups.swift in Sources */,
				3DFC809A2892CCA700AC0144 /* InfoBarView.swift in Sources */,
				3D4922242892DAD700C5E6A2 /* HeaderDetail.swift in Sources */,
				3D937691289905C900AC0C66 /* CSGOTabView.swift in Sources */,
				3D12EBD528967939007F1BFD /* ModeDetail.swift in Sources */,
				3D9376952899075A00AC0C66 /* VStackMap.swift in Sources */,
				3DC24110287D80DB000BB557 /* DataServices.swift in Sources */,
				3D49B9D22893834C007F6805 /* PlaySound.swift in Sources */,
				3D12EBD32896515F007F1BFD /* HStackModes.swift in Sources */,
				3DC24117287D825B000BB557 /* MapDetailView.swift in Sources */,
				3DB7FF0C2893C60D00E67352 /* GreetingView.swift in Sources */,
				3DCF2CAE2898F70800CEB387 /* GifImage.swift in Sources */,
				3DB7FF0A2893C5DD00E67352 /* WelcomeView.swift in Sources */,
			);
			runOnlyForDeploymentPostprocessing = 0;
		};
		3DC240E5287D78C0000BB557 /* Sources */ = {
			isa = PBXSourcesBuildPhase;
			buildActionMask = 2147483647;
			files = (
			);
			runOnlyForDeploymentPostprocessing = 0;
		};
		3DC240EF287D78C0000BB557 /* Sources */ = {
			isa = PBXSourcesBuildPhase;
			buildActionMask = 2147483647;
			files = (
			);
			runOnlyForDeploymentPostprocessing = 0;
		};
/* End PBXSourcesBuildPhase section */

/* Begin PBXTargetDependency section */
		3DC240EB287D78C0000BB557 /* PBXTargetDependency */ = {
			isa = PBXTargetDependency;
			target = 3DC240D8287D78BB000BB557 /* CSGO Maps */;
			targetProxy = 3DC240EA287D78C0000BB557 /* PBXContainerItemProxy */;
		};
		3DC240F5287D78C0000BB557 /* PBXTargetDependency */ = {
			isa = PBXTargetDependency;
			target = 3DC240D8287D78BB000BB557 /* CSGO Maps */;
			targetProxy = 3DC240F4287D78C0000BB557 /* PBXContainerItemProxy */;
		};
/* End PBXTargetDependency section */

/* Begin XCBuildConfiguration section */
		3DC240FB287D78C0000BB557 /* Debug */ = {
			isa = XCBuildConfiguration;
			buildSettings = {
				ALWAYS_SEARCH_USER_PATHS = NO;
				CLANG_ANALYZER_NONNULL = YES;
				CLANG_ANALYZER_NUMBER_OBJECT_CONVERSION = YES_AGGRESSIVE;
				CLANG_CXX_LANGUAGE_STANDARD = "gnu++17";
				CLANG_ENABLE_MODULES = YES;
				CLANG_ENABLE_OBJC_ARC = YES;
				CLANG_ENABLE_OBJC_WEAK = YES;
				CLANG_WARN_BLOCK_CAPTURE_AUTORELEASING = YES;
				CLANG_WARN_BOOL_CONVERSION = YES;
				CLANG_WARN_COMMA = YES;
				CLANG_WARN_CONSTANT_CONVERSION = YES;
				CLANG_WARN_DEPRECATED_OBJC_IMPLEMENTATIONS = YES;
				CLANG_WARN_DIRECT_OBJC_ISA_USAGE = YES_ERROR;
				CLANG_WARN_DOCUMENTATION_COMMENTS = YES;
				CLANG_WARN_EMPTY_BODY = YES;
				CLANG_WARN_ENUM_CONVERSION = YES;
				CLANG_WARN_INFINITE_RECURSION = YES;
				CLANG_WARN_INT_CONVERSION = YES;
				CLANG_WARN_NON_LITERAL_NULL_CONVERSION = YES;
				CLANG_WARN_OBJC_IMPLICIT_RETAIN_SELF = YES;
				CLANG_WARN_OBJC_LITERAL_CONVERSION = YES;
				CLANG_WARN_OBJC_ROOT_CLASS = YES_ERROR;
				CLANG_WARN_QUOTED_INCLUDE_IN_FRAMEWORK_HEADER = YES;
				CLANG_WARN_RANGE_LOOP_ANALYSIS = YES;
				CLANG_WARN_STRICT_PROTOTYPES = YES;
				CLANG_WARN_SUSPICIOUS_MOVE = YES;
				CLANG_WARN_UNGUARDED_AVAILABILITY = YES_AGGRESSIVE;
				CLANG_WARN_UNREACHABLE_CODE = YES;
				CLANG_WARN__DUPLICATE_METHOD_MATCH = YES;
				COPY_PHASE_STRIP = NO;
				DEBUG_INFORMATION_FORMAT = dwarf;
				ENABLE_STRICT_OBJC_MSGSEND = YES;
				ENABLE_TESTABILITY = YES;
				GCC_C_LANGUAGE_STANDARD = gnu11;
				GCC_DYNAMIC_NO_PIC = NO;
				GCC_NO_COMMON_BLOCKS = YES;
				GCC_OPTIMIZATION_LEVEL = 0;
				GCC_PREPROCESSOR_DEFINITIONS = (
					"DEBUG=1",
					"$(inherited)",
				);
				GCC_WARN_64_TO_32_BIT_CONVERSION = YES;
				GCC_WARN_ABOUT_RETURN_TYPE = YES_ERROR;
				GCC_WARN_UNDECLARED_SELECTOR = YES;
				GCC_WARN_UNINITIALIZED_AUTOS = YES_AGGRESSIVE;
				GCC_WARN_UNUSED_FUNCTION = YES;
				GCC_WARN_UNUSED_VARIABLE = YES;
				INFOPLIST_KEY_UILaunchScreen_Generation = NO;
				INFOPLIST_KEY_UILaunchStoryboardName = "";
				IPHONEOS_DEPLOYMENT_TARGET = 15.3;
				MTL_ENABLE_DEBUG_INFO = INCLUDE_SOURCE;
				MTL_FAST_MATH = YES;
				ONLY_ACTIVE_ARCH = YES;
				SDKROOT = iphoneos;
				SWIFT_ACTIVE_COMPILATION_CONDITIONS = DEBUG;
				SWIFT_OPTIMIZATION_LEVEL = "-Onone";
			};
			name = Debug;
		};
		3DC240FC287D78C0000BB557 /* Release */ = {
			isa = XCBuildConfiguration;
			buildSettings = {
				ALWAYS_SEARCH_USER_PATHS = NO;
				CLANG_ANALYZER_NONNULL = YES;
				CLANG_ANALYZER_NUMBER_OBJECT_CONVERSION = YES_AGGRESSIVE;
				CLANG_CXX_LANGUAGE_STANDARD = "gnu++17";
				CLANG_ENABLE_MODULES = YES;
				CLANG_ENABLE_OBJC_ARC = YES;
				CLANG_ENABLE_OBJC_WEAK = YES;
				CLANG_WARN_BLOCK_CAPTURE_AUTORELEASING = YES;
				CLANG_WARN_BOOL_CONVERSION = YES;
				CLANG_WARN_COMMA = YES;
				CLANG_WARN_CONSTANT_CONVERSION = YES;
				CLANG_WARN_DEPRECATED_OBJC_IMPLEMENTATIONS = YES;
				CLANG_WARN_DIRECT_OBJC_ISA_USAGE = YES_ERROR;
				CLANG_WARN_DOCUMENTATION_COMMENTS = YES;
				CLANG_WARN_EMPTY_BODY = YES;
				CLANG_WARN_ENUM_CONVERSION = YES;
				CLANG_WARN_INFINITE_RECURSION = YES;
				CLANG_WARN_INT_CONVERSION = YES;
				CLANG_WARN_NON_LITERAL_NULL_CONVERSION = YES;
				CLANG_WARN_OBJC_IMPLICIT_RETAIN_SELF = YES;
				CLANG_WARN_OBJC_LITERAL_CONVERSION = YES;
				CLANG_WARN_OBJC_ROOT_CLASS = YES_ERROR;
				CLANG_WARN_QUOTED_INCLUDE_IN_FRAMEWORK_HEADER = YES;
				CLANG_WARN_RANGE_LOOP_ANALYSIS = YES;
				CLANG_WARN_STRICT_PROTOTYPES = YES;
				CLANG_WARN_SUSPICIOUS_MOVE = YES;
				CLANG_WARN_UNGUARDED_AVAILABILITY = YES_AGGRESSIVE;
				CLANG_WARN_UNREACHABLE_CODE = YES;
				CLANG_WARN__DUPLICATE_METHOD_MATCH = YES;
				COPY_PHASE_STRIP = NO;
				DEBUG_INFORMATION_FORMAT = "dwarf-with-dsym";
				ENABLE_NS_ASSERTIONS = NO;
				ENABLE_STRICT_OBJC_MSGSEND = YES;
				GCC_C_LANGUAGE_STANDARD = gnu11;
				GCC_NO_COMMON_BLOCKS = YES;
				GCC_WARN_64_TO_32_BIT_CONVERSION = YES;
				GCC_WARN_ABOUT_RETURN_TYPE = YES_ERROR;
				GCC_WARN_UNDECLARED_SELECTOR = YES;
				GCC_WARN_UNINITIALIZED_AUTOS = YES_AGGRESSIVE;
				GCC_WARN_UNUSED_FUNCTION = YES;
				GCC_WARN_UNUSED_VARIABLE = YES;
				INFOPLIST_KEY_UILaunchScreen_Generation = NO;
				INFOPLIST_KEY_UILaunchStoryboardName = "";
				IPHONEOS_DEPLOYMENT_TARGET = 15.3;
				MTL_ENABLE_DEBUG_INFO = NO;
				MTL_FAST_MATH = YES;
				SDKROOT = iphoneos;
				SWIFT_COMPILATION_MODE = wholemodule;
				SWIFT_OPTIMIZATION_LEVEL = "-O";
				VALIDATE_PRODUCT = YES;
			};
			name = Release;
		};
		3DC240FE287D78C0000BB557 /* Debug */ = {
			isa = XCBuildConfiguration;
			buildSettings = {
				ASSETCATALOG_COMPILER_APPICON_NAME = AppIcon;
				ASSETCATALOG_COMPILER_GLOBAL_ACCENT_COLOR_NAME = AccentColor;
				CODE_SIGN_STYLE = Automatic;
				CURRENT_PROJECT_VERSION = 1;
				DEVELOPMENT_ASSET_PATHS = "\"assignment 1/Preview Content\"";
				DEVELOPMENT_TEAM = 96KC8DHUNT;
				ENABLE_PREVIEWS = YES;
				GENERATE_INFOPLIST_FILE = YES;
				INFOPLIST_FILE = "CSGO-Maps-Info.plist";
				INFOPLIST_KEY_UIApplicationSceneManifest_Generation = YES;
				INFOPLIST_KEY_UIApplicationSupportsIndirectInputEvents = YES;
				INFOPLIST_KEY_UISupportedInterfaceOrientations_iPad = "UIInterfaceOrientationPortrait UIInterfaceOrientationPortraitUpsideDown UIInterfaceOrientationLandscapeLeft UIInterfaceOrientationLandscapeRight";
				INFOPLIST_KEY_UISupportedInterfaceOrientations_iPhone = "UIInterfaceOrientationPortrait UIInterfaceOrientationLandscapeLeft UIInterfaceOrientationLandscapeRight";
				IPHONEOS_DEPLOYMENT_TARGET = 15.3;
				LD_RUNPATH_SEARCH_PATHS = (
					"$(inherited)",
					"@executable_path/Frameworks",
				);
				MARKETING_VERSION = 1.0;
				PRODUCT_BUNDLE_IDENTIFIER = "william.assignment-1";
				PRODUCT_NAME = "$(TARGET_NAME)";
				SWIFT_EMIT_LOC_STRINGS = YES;
				SWIFT_VERSION = 5.0;
				TARGETED_DEVICE_FAMILY = "1,2";
			};
			name = Debug;
		};
		3DC240FF287D78C0000BB557 /* Release */ = {
			isa = XCBuildConfiguration;
			buildSettings = {
				ASSETCATALOG_COMPILER_APPICON_NAME = AppIcon;
				ASSETCATALOG_COMPILER_GLOBAL_ACCENT_COLOR_NAME = AccentColor;
				CODE_SIGN_STYLE = Automatic;
				CURRENT_PROJECT_VERSION = 1;
				DEVELOPMENT_ASSET_PATHS = "\"assignment 1/Preview Content\"";
				DEVELOPMENT_TEAM = 96KC8DHUNT;
				ENABLE_PREVIEWS = YES;
				GENERATE_INFOPLIST_FILE = YES;
				INFOPLIST_FILE = "CSGO-Maps-Info.plist";
				INFOPLIST_KEY_UIApplicationSceneManifest_Generation = YES;
				INFOPLIST_KEY_UIApplicationSupportsIndirectInputEvents = YES;
				INFOPLIST_KEY_UISupportedInterfaceOrientations_iPad = "UIInterfaceOrientationPortrait UIInterfaceOrientationPortraitUpsideDown UIInterfaceOrientationLandscapeLeft UIInterfaceOrientationLandscapeRight";
				INFOPLIST_KEY_UISupportedInterfaceOrientations_iPhone = "UIInterfaceOrientationPortrait UIInterfaceOrientationLandscapeLeft UIInterfaceOrientationLandscapeRight";
				IPHONEOS_DEPLOYMENT_TARGET = 15.3;
				LD_RUNPATH_SEARCH_PATHS = (
					"$(inherited)",
					"@executable_path/Frameworks",
				);
				MARKETING_VERSION = 1.0;
				PRODUCT_BUNDLE_IDENTIFIER = "william.assignment-1";
				PRODUCT_NAME = "$(TARGET_NAME)";
				SWIFT_EMIT_LOC_STRINGS = YES;
				SWIFT_VERSION = 5.0;
				TARGETED_DEVICE_FAMILY = "1,2";
			};
			name = Release;
		};
		3DC24101287D78C0000BB557 /* Debug */ = {
			isa = XCBuildConfiguration;
			buildSettings = {
				ALWAYS_EMBED_SWIFT_STANDARD_LIBRARIES = YES;
				BUNDLE_LOADER = "$(TEST_HOST)";
				CODE_SIGN_STYLE = Automatic;
				CURRENT_PROJECT_VERSION = 1;
				GENERATE_INFOPLIST_FILE = YES;
				IPHONEOS_DEPLOYMENT_TARGET = 15.5;
				MARKETING_VERSION = 1.0;
				PRODUCT_BUNDLE_IDENTIFIER = "william.assignment-1Tests";
				PRODUCT_NAME = "$(TARGET_NAME)";
				SWIFT_EMIT_LOC_STRINGS = NO;
				SWIFT_VERSION = 5.0;
				TARGETED_DEVICE_FAMILY = "1,2";
				TEST_HOST = "$(BUILT_PRODUCTS_DIR)/CSGO Maps.app/CSGO Maps";
			};
			name = Debug;
		};
		3DC24102287D78C0000BB557 /* Release */ = {
			isa = XCBuildConfiguration;
			buildSettings = {
				ALWAYS_EMBED_SWIFT_STANDARD_LIBRARIES = YES;
				BUNDLE_LOADER = "$(TEST_HOST)";
				CODE_SIGN_STYLE = Automatic;
				CURRENT_PROJECT_VERSION = 1;
				GENERATE_INFOPLIST_FILE = YES;
				IPHONEOS_DEPLOYMENT_TARGET = 15.5;
				MARKETING_VERSION = 1.0;
				PRODUCT_BUNDLE_IDENTIFIER = "william.assignment-1Tests";
				PRODUCT_NAME = "$(TARGET_NAME)";
				SWIFT_EMIT_LOC_STRINGS = NO;
				SWIFT_VERSION = 5.0;
				TARGETED_DEVICE_FAMILY = "1,2";
				TEST_HOST = "$(BUILT_PRODUCTS_DIR)/CSGO Maps.app/CSGO Maps";
			};
			name = Release;
		};
		3DC24104287D78C0000BB557 /* Debug */ = {
			isa = XCBuildConfiguration;
			buildSettings = {
				ALWAYS_EMBED_SWIFT_STANDARD_LIBRARIES = YES;
				CODE_SIGN_STYLE = Automatic;
				CURRENT_PROJECT_VERSION = 1;
				GENERATE_INFOPLIST_FILE = YES;
				MARKETING_VERSION = 1.0;
				PRODUCT_BUNDLE_IDENTIFIER = "william.assignment-1UITests";
				PRODUCT_NAME = "$(TARGET_NAME)";
				SWIFT_EMIT_LOC_STRINGS = NO;
				SWIFT_VERSION = 5.0;
				TARGETED_DEVICE_FAMILY = "1,2";
				TEST_TARGET_NAME = "assignment 1";
			};
			name = Debug;
		};
		3DC24105287D78C0000BB557 /* Release */ = {
			isa = XCBuildConfiguration;
			buildSettings = {
				ALWAYS_EMBED_SWIFT_STANDARD_LIBRARIES = YES;
				CODE_SIGN_STYLE = Automatic;
				CURRENT_PROJECT_VERSION = 1;
				GENERATE_INFOPLIST_FILE = YES;
				MARKETING_VERSION = 1.0;
				PRODUCT_BUNDLE_IDENTIFIER = "william.assignment-1UITests";
				PRODUCT_NAME = "$(TARGET_NAME)";
				SWIFT_EMIT_LOC_STRINGS = NO;
				SWIFT_VERSION = 5.0;
				TARGETED_DEVICE_FAMILY = "1,2";
				TEST_TARGET_NAME = "assignment 1";
			};
			name = Release;
		};
/* End XCBuildConfiguration section */

/* Begin XCConfigurationList section */
		3DC240D4287D78BB000BB557 /* Build configuration list for PBXProject "CSGO Maps" */ = {
			isa = XCConfigurationList;
			buildConfigurations = (
				3DC240FB287D78C0000BB557 /* Debug */,
				3DC240FC287D78C0000BB557 /* Release */,
			);
			defaultConfigurationIsVisible = 0;
			defaultConfigurationName = Release;
		};
		3DC240FD287D78C0000BB557 /* Build configuration list for PBXNativeTarget "CSGO Maps" */ = {
			isa = XCConfigurationList;
			buildConfigurations = (
				3DC240FE287D78C0000BB557 /* Debug */,
				3DC240FF287D78C0000BB557 /* Release */,
			);
			defaultConfigurationIsVisible = 0;
			defaultConfigurationName = Release;
		};
		3DC24100287D78C0000BB557 /* Build configuration list for PBXNativeTarget "CSGO MapsTests" */ = {
			isa = XCConfigurationList;
			buildConfigurations = (
				3DC24101287D78C0000BB557 /* Debug */,
				3DC24102287D78C0000BB557 /* Release */,
			);
			defaultConfigurationIsVisible = 0;
			defaultConfigurationName = Release;
		};
		3DC24103287D78C0000BB557 /* Build configuration list for PBXNativeTarget "CSGO MapsUITests" */ = {
			isa = XCConfigurationList;
			buildConfigurations = (
				3DC24104287D78C0000BB557 /* Debug */,
				3DC24105287D78C0000BB557 /* Release */,
			);
			defaultConfigurationIsVisible = 0;
			defaultConfigurationName = Release;
		};
/* End XCConfigurationList section */
	};
	rootObject = 3DC240D1287D78BB000BB557 /* Project object */;
}
